
Microsoft Visual Studio Solution File, Format Version 12.00
# Visual Studio Version 17
VisualStudioVersion = 17.3.32901.215
MinimumVisualStudioVersion = 10.0.40219.1
Project("{FAE04EC0-301F-11D3-BF4B-00C04F79EFBC}") = "InterfaceWMSToRedpanda", "InterfaceWMSToRedpanda\InterfaceWMSToRedpanda.csproj", "{E69226D1-3BF0-4C36-A34C-9258C8016A50}"
EndProject
Global
	GlobalSection(SolutionConfigurationPlatforms) = preSolution
		Debug|Any CPU = Debug|Any CPU
		Release|Any CPU = Release|Any CPU
	EndGlobalSection
	GlobalSection(ProjectConfigurationPlatforms) = postSolution
		{E69226D1-3BF0-4C36-A34C-9258C8016A50}.Debug|Any CPU.ActiveCfg = Debug|Any CPU
		{E69226D1-3BF0-4C36-A34C-9258C8016A50}.Debug|Any CPU.Build.0 = Debug|Any CPU
		{E69226D1-3BF0-4C36-A34C-9258C8016A50}.Release|Any CPU.ActiveCfg = Release|Any CPU
		{E69226D1-3BF0-4C36-A34C-9258C8016A50}.Release|Any CPU.Build.0 = Release|Any CPU
	EndGlobalSection
	GlobalSection(SolutionProperties) = preSolution
		HideSolutionNode = FALSE
	EndGlobalSection
	GlobalSection(ExtensibilityGlobals) = postSolution
		SolutionGuid = {A669D9B7-963B-42A0-8019-34D70EAC511A}
	EndGlobalSection
EndGlobal
